name: Test lock files
on:
  push:
    branches:
      - reference
  pull_request: null

jobs:
  test:
    name: Test lock files
    runs-on: ${{ matrix.os }}
    strategy:
      fail-fast: false
      matrix:
        include:
          - os: ubuntu-latest
            lock-file: conda-linux-64.lock
        os: [ubuntu-latest]
    defaults:
      run:
        shell: bash -l {0}
    steps:
      - uses: actions/checkout@v2
        with:
          ref: 'reference'

      - name: install from lockfile
        uses: ./
        with:
          environment-name: lock_test
          environment-file: .github/workflows/lockfiles/${{ matrix.lock-file }}

      - name: test environment name
        run: |
          python -c "import os; env = os.path.basename(os.environ['CONDA_PREFIX']); assert env == 'lock_test'"
